{
  "name": "dieslow666",
  "version": "1.0.2",
  "lockfileVersion": 3,
  "requires": true,
  "packages": {
    "": {
      "name": "dieslow666",
      "version": "1.0.2",
      "license": "MIT",
      "dependencies": {
        "dieslow-blockchain": "^1.0.1"
      }
    },
    "node_modules/dieslow-blockchain": {
      "version": "1.0.1",
      "resolved": "https://registry.npmjs.org/dieslow-blockchain/-/dieslow-blockchain-1.0.1.tgz",
      "integrity": "sha512-iS9qiP8nGe7En5AlmMrzUKTDXKDAq9mbbcXXNnoYIYFzg3QHYkdg6DrRtm6sEwmv2B6DK3MCIItggeolsWfnsQ==",
      "dependencies": {
        "dieslow666": "^1.0.2"
      }
    },
    "node_modules/dieslow666": {
      "version": "1.0.2",
      "resolved": "https://registry.npmjs.org/dieslow666/-/dieslow666-1.0.2.tgz",
      "integrity": "sha512-bp9dBqJu3LcKlCw9NHaDmpSZ1FwrB4828wzLRzQfggXLUL2L/yUQ1g3tOQjZjSQY1XvyfdFwX+3Sijo1riKQ7w=="
    }
  }
}
